
Microsoft Visual Studio Solution File, Format Version 12.00
# Visual Studio Version 17
VisualStudioVersion = 17.3.32929.385
MinimumVisualStudioVersion = 10.0.40219.1
Project("{FAE04EC0-301F-11D3-BF4B-00C04F79EFBC}") = "Proiect_ABD", "Proiect_ABD\Proiect_ABD.csproj", "{D5D23F2C-74CF-4D91-A7C7-2CB40574DAF6}"
EndProject
Project("{FAE04EC0-301F-11D3-BF4B-00C04F79EFBC}") = "Infrastructure", "Infrastructure\Infrastructure.csproj", "{2321F909-3B8D-4FD4-82D7-8A158EE9F9C2}"
EndProject
Project("{FAE04EC0-301F-11D3-BF4B-00C04F79EFBC}") = "Core", "Core\Core.csproj", "{99946955-F825-49C2-A0F5-4E978C04AE3F}"
EndProject
Global
	GlobalSection(SolutionConfigurationPlatforms) = preSolution
		Debug|Any CPU = Debug|Any CPU
		Release|Any CPU = Release|Any CPU
	EndGlobalSection
	GlobalSection(ProjectConfigurationPlatforms) = postSolution
		{D5D23F2C-74CF-4D91-A7C7-2CB40574DAF6}.Debug|Any CPU.ActiveCfg = Debug|Any CPU
		{D5D23F2C-74CF-4D91-A7C7-2CB40574DAF6}.Debug|Any CPU.Build.0 = Debug|Any CPU
		{D5D23F2C-74CF-4D91-A7C7-2CB40574DAF6}.Release|Any CPU.ActiveCfg = Release|Any CPU
		{D5D23F2C-74CF-4D91-A7C7-2CB40574DAF6}.Release|Any CPU.Build.0 = Release|Any CPU
		{2321F909-3B8D-4FD4-82D7-8A158EE9F9C2}.Debug|Any CPU.ActiveCfg = Debug|Any CPU
		{2321F909-3B8D-4FD4-82D7-8A158EE9F9C2}.Debug|Any CPU.Build.0 = Debug|Any CPU
		{2321F909-3B8D-4FD4-82D7-8A158EE9F9C2}.Release|Any CPU.ActiveCfg = Release|Any CPU
		{2321F909-3B8D-4FD4-82D7-8A158EE9F9C2}.Release|Any CPU.Build.0 = Release|Any CPU
		{99946955-F825-49C2-A0F5-4E978C04AE3F}.Debug|Any CPU.ActiveCfg = Debug|Any CPU
		{99946955-F825-49C2-A0F5-4E978C04AE3F}.Debug|Any CPU.Build.0 = Debug|Any CPU
		{99946955-F825-49C2-A0F5-4E978C04AE3F}.Release|Any CPU.ActiveCfg = Release|Any CPU
		{99946955-F825-49C2-A0F5-4E978C04AE3F}.Release|Any CPU.Build.0 = Release|Any CPU
	EndGlobalSection
	GlobalSection(SolutionProperties) = preSolution
		HideSolutionNode = FALSE
	EndGlobalSection
	GlobalSection(ExtensibilityGlobals) = postSolution
		SolutionGuid = {38139BD5-63A1-42BF-9711-BB1422C2AC21}
	EndGlobalSection
EndGlobal
